
Microsoft Visual Studio Solution File, Format Version 12.00
# Visual Studio 2013
VisualStudioVersion = 12.0.31101.0
MinimumVisualStudioVersion = 10.0.40219.1
Project("{FAE04EC0-301F-11D3-BF4B-00C04F79EFBC}") = "crvtsCalendar", "crvtsCalendar\crvtsCalendar.csproj", "{95865873-E9DD-4A15-9D0E-614F9C127E74}"
EndProject
Project("{FAE04EC0-301F-11D3-BF4B-00C04F79EFBC}") = "UnitTestProject1", "UnitTestProject1\UnitTestProject1.csproj", "{D9D2113E-CB13-49BD-9619-70D05FF90FE9}"
EndProject
Global
	GlobalSection(SolutionConfigurationPlatforms) = preSolution
		Debug|Any CPU = Debug|Any CPU
		Release|Any CPU = Release|Any CPU
	EndGlobalSection
	GlobalSection(ProjectConfigurationPlatforms) = postSolution
		{95865873-E9DD-4A15-9D0E-614F9C127E74}.Debug|Any CPU.ActiveCfg = Debug|Any CPU
		{95865873-E9DD-4A15-9D0E-614F9C127E74}.Debug|Any CPU.Build.0 = Debug|Any CPU
		{95865873-E9DD-4A15-9D0E-614F9C127E74}.Release|Any CPU.ActiveCfg = Release|Any CPU
		{95865873-E9DD-4A15-9D0E-614F9C127E74}.Release|Any CPU.Build.0 = Release|Any CPU
		{D9D2113E-CB13-49BD-9619-70D05FF90FE9}.Debug|Any CPU.ActiveCfg = Debug|Any CPU
		{D9D2113E-CB13-49BD-9619-70D05FF90FE9}.Debug|Any CPU.Build.0 = Debug|Any CPU
		{D9D2113E-CB13-49BD-9619-70D05FF90FE9}.Release|Any CPU.ActiveCfg = Release|Any CPU
		{D9D2113E-CB13-49BD-9619-70D05FF90FE9}.Release|Any CPU.Build.0 = Release|Any CPU
	EndGlobalSection
	GlobalSection(SolutionProperties) = preSolution
		HideSolutionNode = FALSE
	EndGlobalSection
EndGlobal
